
Microsoft Visual Studio Solution File, Format Version 12.00
# Visual Studio Version 17
VisualStudioVersion = 17.2.32616.157
MinimumVisualStudioVersion = 10.0.40219.1
Project("{FAE04EC0-301F-11D3-BF4B-00C04F79EFBC}") = "UnderstandingTransientAndScopedAndSingleton", "UnderstandingTransientAndScopedAndSingleton\UnderstandingTransientAndScopedAndSingleton.csproj", "{8E7C4714-FB63-4E77-9A2C-1AE138410A81}"
EndProject
Global
	GlobalSection(SolutionConfigurationPlatforms) = preSolution
		Debug|Any CPU = Debug|Any CPU
		Release|Any CPU = Release|Any CPU
	EndGlobalSection
	GlobalSection(ProjectConfigurationPlatforms) = postSolution
		{8E7C4714-FB63-4E77-9A2C-1AE138410A81}.Debug|Any CPU.ActiveCfg = Debug|Any CPU
		{8E7C4714-FB63-4E77-9A2C-1AE138410A81}.Debug|Any CPU.Build.0 = Debug|Any CPU
		{8E7C4714-FB63-4E77-9A2C-1AE138410A81}.Release|Any CPU.ActiveCfg = Release|Any CPU
		{8E7C4714-FB63-4E77-9A2C-1AE138410A81}.Release|Any CPU.Build.0 = Release|Any CPU
	EndGlobalSection
	GlobalSection(SolutionProperties) = preSolution
		HideSolutionNode = FALSE
	EndGlobalSection
	GlobalSection(ExtensibilityGlobals) = postSolution
		SolutionGuid = {FFDB1D64-81E3-455D-AC8F-14959B2522D6}
	EndGlobalSection
EndGlobal
